
Microsoft Visual Studio Solution File, Format Version 12.00
# Visual Studio 15
Project("{FAE04EC0-301F-11D3-BF4B-00C04F79EFBC}") = "Scorer.Android", "Scorer.Android\Scorer.Android.csproj", "{AD5705D7-59B3-4151-B58E-E180021C917B}"
EndProject
Project("{FAE04EC0-301F-11D3-BF4B-00C04F79EFBC}") = "Scorer.iOS", "Scorer.iOS\Scorer.iOS.csproj", "{A2ED75FC-B556-43FE-93D5-E1CF9FD0AC62}"
EndProject
Project("{FAE04EC0-301F-11D3-BF4B-00C04F79EFBC}") = "Scorer", "Scorer\Scorer.csproj", "{8AF09E1B-23A1-4BE0-AE41-57A86B5341ED}"
EndProject
Global
	GlobalSection(SolutionConfigurationPlatforms) = preSolution
		Debug|Any CPU = Debug|Any CPU
		Release|Any CPU = Release|Any CPU
		Debug|iPhoneSimulator = Debug|iPhoneSimulator
		Release|iPhoneSimulator = Release|iPhoneSimulator
		Debug|iPhone = Debug|iPhone
		Release|iPhone = Release|iPhone
	EndGlobalSection
	GlobalSection(ProjectConfigurationPlatforms) = postSolution
		{AD5705D7-59B3-4151-B58E-E180021C917B}.Debug|Any CPU.ActiveCfg = Debug|Any CPU
		{AD5705D7-59B3-4151-B58E-E180021C917B}.Debug|Any CPU.Build.0 = Debug|Any CPU
		{AD5705D7-59B3-4151-B58E-E180021C917B}.Release|Any CPU.ActiveCfg = Release|Any CPU
		{AD5705D7-59B3-4151-B58E-E180021C917B}.Release|Any CPU.Build.0 = Release|Any CPU
		{AD5705D7-59B3-4151-B58E-E180021C917B}.Debug|iPhoneSimulator.ActiveCfg = Debug|Any CPU
		{AD5705D7-59B3-4151-B58E-E180021C917B}.Debug|iPhoneSimulator.Build.0 = Debug|Any CPU
		{AD5705D7-59B3-4151-B58E-E180021C917B}.Release|iPhoneSimulator.ActiveCfg = Release|Any CPU
		{AD5705D7-59B3-4151-B58E-E180021C917B}.Release|iPhoneSimulator.Build.0 = Release|Any CPU
		{AD5705D7-59B3-4151-B58E-E180021C917B}.Debug|iPhone.ActiveCfg = Debug|Any CPU
		{AD5705D7-59B3-4151-B58E-E180021C917B}.Debug|iPhone.Build.0 = Debug|Any CPU
		{AD5705D7-59B3-4151-B58E-E180021C917B}.Release|iPhone.ActiveCfg = Release|Any CPU
		{AD5705D7-59B3-4151-B58E-E180021C917B}.Release|iPhone.Build.0 = Release|Any CPU
		{A2ED75FC-B556-43FE-93D5-E1CF9FD0AC62}.Debug|Any CPU.ActiveCfg = Debug|iPhoneSimulator
		{A2ED75FC-B556-43FE-93D5-E1CF9FD0AC62}.Debug|Any CPU.Build.0 = Debug|iPhoneSimulator
		{A2ED75FC-B556-43FE-93D5-E1CF9FD0AC62}.Release|Any CPU.ActiveCfg = Release|iPhoneSimulator
		{A2ED75FC-B556-43FE-93D5-E1CF9FD0AC62}.Release|Any CPU.Build.0 = Release|iPhoneSimulator
		{A2ED75FC-B556-43FE-93D5-E1CF9FD0AC62}.Debug|iPhoneSimulator.ActiveCfg = Debug|iPhoneSimulator
		{A2ED75FC-B556-43FE-93D5-E1CF9FD0AC62}.Debug|iPhoneSimulator.Build.0 = Debug|iPhoneSimulator
		{A2ED75FC-B556-43FE-93D5-E1CF9FD0AC62}.Release|iPhoneSimulator.ActiveCfg = Release|iPhoneSimulator
		{A2ED75FC-B556-43FE-93D5-E1CF9FD0AC62}.Release|iPhoneSimulator.Build.0 = Release|iPhoneSimulator
		{A2ED75FC-B556-43FE-93D5-E1CF9FD0AC62}.Debug|iPhone.ActiveCfg = Debug|iPhone
		{A2ED75FC-B556-43FE-93D5-E1CF9FD0AC62}.Debug|iPhone.Build.0 = Debug|iPhone
		{A2ED75FC-B556-43FE-93D5-E1CF9FD0AC62}.Release|iPhone.ActiveCfg = Release|iPhone
		{A2ED75FC-B556-43FE-93D5-E1CF9FD0AC62}.Release|iPhone.Build.0 = Release|iPhone
		{8AF09E1B-23A1-4BE0-AE41-57A86B5341ED}.Debug|Any CPU.ActiveCfg = Debug|Any CPU
		{8AF09E1B-23A1-4BE0-AE41-57A86B5341ED}.Debug|Any CPU.Build.0 = Debug|Any CPU
		{8AF09E1B-23A1-4BE0-AE41-57A86B5341ED}.Release|Any CPU.ActiveCfg = Release|Any CPU
		{8AF09E1B-23A1-4BE0-AE41-57A86B5341ED}.Release|Any CPU.Build.0 = Release|Any CPU
		{8AF09E1B-23A1-4BE0-AE41-57A86B5341ED}.Debug|iPhoneSimulator.ActiveCfg = Debug|Any CPU
		{8AF09E1B-23A1-4BE0-AE41-57A86B5341ED}.Debug|iPhoneSimulator.Build.0 = Debug|Any CPU
		{8AF09E1B-23A1-4BE0-AE41-57A86B5341ED}.Release|iPhoneSimulator.ActiveCfg = Release|Any CPU
		{8AF09E1B-23A1-4BE0-AE41-57A86B5341ED}.Release|iPhoneSimulator.Build.0 = Release|Any CPU
		{8AF09E1B-23A1-4BE0-AE41-57A86B5341ED}.Debug|iPhone.ActiveCfg = Debug|Any CPU
		{8AF09E1B-23A1-4BE0-AE41-57A86B5341ED}.Debug|iPhone.Build.0 = Debug|Any CPU
		{8AF09E1B-23A1-4BE0-AE41-57A86B5341ED}.Release|iPhone.ActiveCfg = Release|Any CPU
		{8AF09E1B-23A1-4BE0-AE41-57A86B5341ED}.Release|iPhone.Build.0 = Release|Any CPU
	EndGlobalSection
	GlobalSection(NestedProjects) = preSolution
	EndGlobalSection
EndGlobal
